
Microsoft Visual Studio Solution File, Format Version 12.00
# Visual Studio Version 16
VisualStudioVersion = 16.0.31911.196
MinimumVisualStudioVersion = 10.0.40219.1
Project("{FAE04EC0-301F-11D3-BF4B-00C04F79EFBC}") = "Operators", "Operators\Operators.csproj", "{3CBF59DD-F494-41D9-822A-22D4277A4A69}"
EndProject
Global
	GlobalSection(SolutionConfigurationPlatforms) = preSolution
		Debug|Any CPU = Debug|Any CPU
		Release|Any CPU = Release|Any CPU
	EndGlobalSection
	GlobalSection(ProjectConfigurationPlatforms) = postSolution
		{3CBF59DD-F494-41D9-822A-22D4277A4A69}.Debug|Any CPU.ActiveCfg = Debug|Any CPU
		{3CBF59DD-F494-41D9-822A-22D4277A4A69}.Debug|Any CPU.Build.0 = Debug|Any CPU
		{3CBF59DD-F494-41D9-822A-22D4277A4A69}.Release|Any CPU.ActiveCfg = Release|Any CPU
		{3CBF59DD-F494-41D9-822A-22D4277A4A69}.Release|Any CPU.Build.0 = Release|Any CPU
	EndGlobalSection
	GlobalSection(SolutionProperties) = preSolution
		HideSolutionNode = FALSE
	EndGlobalSection
	GlobalSection(ExtensibilityGlobals) = postSolution
		SolutionGuid = {F843DD03-2EDC-4ABF-B615-62EBE5FEDDF3}
	EndGlobalSection
EndGlobal
