
Microsoft Visual Studio Solution File, Format Version 12.00
# Visual Studio Version 16
VisualStudioVersion = 16.0.31911.196
MinimumVisualStudioVersion = 10.0.40219.1
Project("{FAE04EC0-301F-11D3-BF4B-00C04F79EFBC}") = "ClassMethods", "ClassMethods\ClassMethods.csproj", "{5BB11D02-24F7-4B14-A104-56D0EEC6EB8D}"
EndProject
Global
	GlobalSection(SolutionConfigurationPlatforms) = preSolution
		Debug|Any CPU = Debug|Any CPU
		Release|Any CPU = Release|Any CPU
	EndGlobalSection
	GlobalSection(ProjectConfigurationPlatforms) = postSolution
		{5BB11D02-24F7-4B14-A104-56D0EEC6EB8D}.Debug|Any CPU.ActiveCfg = Debug|Any CPU
		{5BB11D02-24F7-4B14-A104-56D0EEC6EB8D}.Debug|Any CPU.Build.0 = Debug|Any CPU
		{5BB11D02-24F7-4B14-A104-56D0EEC6EB8D}.Release|Any CPU.ActiveCfg = Release|Any CPU
		{5BB11D02-24F7-4B14-A104-56D0EEC6EB8D}.Release|Any CPU.Build.0 = Release|Any CPU
	EndGlobalSection
	GlobalSection(SolutionProperties) = preSolution
		HideSolutionNode = FALSE
	EndGlobalSection
	GlobalSection(ExtensibilityGlobals) = postSolution
		SolutionGuid = {C6EE5CD5-55D7-4982-9B44-BAC32FDD6A6F}
	EndGlobalSection
EndGlobal
