
Microsoft Visual Studio Solution File, Format Version 12.00
# Visual Studio Version 16
VisualStudioVersion = 16.0.31911.196
MinimumVisualStudioVersion = 10.0.40219.1
Project("{FAE04EC0-301F-11D3-BF4B-00C04F79EFBC}") = "BoolLogic", "BoolLogic\BoolLogic.csproj", "{A1799F22-3A18-4A06-8706-C3162DC9BCEE}"
EndProject
Global
	GlobalSection(SolutionConfigurationPlatforms) = preSolution
		Debug|Any CPU = Debug|Any CPU
		Release|Any CPU = Release|Any CPU
	EndGlobalSection
	GlobalSection(ProjectConfigurationPlatforms) = postSolution
		{A1799F22-3A18-4A06-8706-C3162DC9BCEE}.Debug|Any CPU.ActiveCfg = Debug|Any CPU
		{A1799F22-3A18-4A06-8706-C3162DC9BCEE}.Debug|Any CPU.Build.0 = Debug|Any CPU
		{A1799F22-3A18-4A06-8706-C3162DC9BCEE}.Release|Any CPU.ActiveCfg = Release|Any CPU
		{A1799F22-3A18-4A06-8706-C3162DC9BCEE}.Release|Any CPU.Build.0 = Release|Any CPU
	EndGlobalSection
	GlobalSection(SolutionProperties) = preSolution
		HideSolutionNode = FALSE
	EndGlobalSection
	GlobalSection(ExtensibilityGlobals) = postSolution
		SolutionGuid = {2A0F9F11-4138-46AD-8A69-8051A748BB6C}
	EndGlobalSection
EndGlobal
